
Microsoft Visual Studio Solution File, Format Version 12.00
# Visual Studio Version 16
VisualStudioVersion = 16.0.30907.101
MinimumVisualStudioVersion = 10.0.40219.1
Project("{FAE04EC0-301F-11D3-BF4B-00C04F79EFBC}") = "WeatherReport", "WeatherReport\WeatherReport.csproj", "{1B52FAD4-6A56-4025-9DCB-8CDFC220D02B}"
EndProject
Project("{FAE04EC0-301F-11D3-BF4B-00C04F79EFBC}") = "PL.WR.DAL", "PL.WR.DAL\PL.WR.DAL.csproj", "{0B5627E6-438A-4117-876F-154C2173083C}"
EndProject
Project("{FAE04EC0-301F-11D3-BF4B-00C04F79EFBC}") = "PL.WR.BLL", "PL.WR.BLL\PL.WR.BLL.csproj", "{42FF61E1-697F-4ECA-86DB-B99F2F5F6CFA}"
EndProject
Project("{FAE04EC0-301F-11D3-BF4B-00C04F79EFBC}") = "PL.WR.VM", "PL.WR.VM\PL.WR.VM.csproj", "{3DED2807-92E9-42F4-88B7-225E793C9A74}"
EndProject
Project("{FAE04EC0-301F-11D3-BF4B-00C04F79EFBC}") = "WeatherRecordUpdate", "WeatherRecordUpdate\WeatherRecordUpdate.csproj", "{8CC8BEBA-5E0C-4AA5-998A-9EC02B23687A}"
EndProject
Global
	GlobalSection(SolutionConfigurationPlatforms) = preSolution
		Debug|Any CPU = Debug|Any CPU
		Release|Any CPU = Release|Any CPU
	EndGlobalSection
	GlobalSection(ProjectConfigurationPlatforms) = postSolution
		{1B52FAD4-6A56-4025-9DCB-8CDFC220D02B}.Debug|Any CPU.ActiveCfg = Debug|Any CPU
		{1B52FAD4-6A56-4025-9DCB-8CDFC220D02B}.Debug|Any CPU.Build.0 = Debug|Any CPU
		{1B52FAD4-6A56-4025-9DCB-8CDFC220D02B}.Release|Any CPU.ActiveCfg = Release|Any CPU
		{1B52FAD4-6A56-4025-9DCB-8CDFC220D02B}.Release|Any CPU.Build.0 = Release|Any CPU
		{0B5627E6-438A-4117-876F-154C2173083C}.Debug|Any CPU.ActiveCfg = Debug|Any CPU
		{0B5627E6-438A-4117-876F-154C2173083C}.Debug|Any CPU.Build.0 = Debug|Any CPU
		{0B5627E6-438A-4117-876F-154C2173083C}.Release|Any CPU.ActiveCfg = Release|Any CPU
		{0B5627E6-438A-4117-876F-154C2173083C}.Release|Any CPU.Build.0 = Release|Any CPU
		{42FF61E1-697F-4ECA-86DB-B99F2F5F6CFA}.Debug|Any CPU.ActiveCfg = Debug|Any CPU
		{42FF61E1-697F-4ECA-86DB-B99F2F5F6CFA}.Debug|Any CPU.Build.0 = Debug|Any CPU
		{42FF61E1-697F-4ECA-86DB-B99F2F5F6CFA}.Release|Any CPU.ActiveCfg = Release|Any CPU
		{42FF61E1-697F-4ECA-86DB-B99F2F5F6CFA}.Release|Any CPU.Build.0 = Release|Any CPU
		{3DED2807-92E9-42F4-88B7-225E793C9A74}.Debug|Any CPU.ActiveCfg = Debug|Any CPU
		{3DED2807-92E9-42F4-88B7-225E793C9A74}.Debug|Any CPU.Build.0 = Debug|Any CPU
		{3DED2807-92E9-42F4-88B7-225E793C9A74}.Release|Any CPU.ActiveCfg = Release|Any CPU
		{3DED2807-92E9-42F4-88B7-225E793C9A74}.Release|Any CPU.Build.0 = Release|Any CPU
		{8CC8BEBA-5E0C-4AA5-998A-9EC02B23687A}.Debug|Any CPU.ActiveCfg = Debug|Any CPU
		{8CC8BEBA-5E0C-4AA5-998A-9EC02B23687A}.Debug|Any CPU.Build.0 = Debug|Any CPU
		{8CC8BEBA-5E0C-4AA5-998A-9EC02B23687A}.Release|Any CPU.ActiveCfg = Release|Any CPU
		{8CC8BEBA-5E0C-4AA5-998A-9EC02B23687A}.Release|Any CPU.Build.0 = Release|Any CPU
	EndGlobalSection
	GlobalSection(SolutionProperties) = preSolution
		HideSolutionNode = FALSE
	EndGlobalSection
	GlobalSection(ExtensibilityGlobals) = postSolution
		SolutionGuid = {EA818D9E-5C94-4722-8791-AAD729A2BC7B}
	EndGlobalSection
EndGlobal
